<?xml version="1.0" encoding="utf-8"?>
<Project ToolsVersion="4.0" xmlns="http://schemas.microsoft.com/developer/msbuild/2003">
  <ItemGroup>
    <Filter Include="pixie">
      <UniqueIdentifier>{6e988e67-6239-42d1-85ef-a1c6d8e8323a}</UniqueIdentifier>
    </Filter>
  </ItemGroup>
  <ItemGroup>
    <ClInclude Include="source\pixie\pixie.h">
      <Filter>pixie</Filter>
    </ClInclude>
    <ClInclude Include="source\pixie\app.h">
      <Filter>pixie</Filter>
    </ClInclude>
    <ClInclude Include="source\pixie\frametimer.h">
      <Filter>pixie</Filter>
    </ClInclude>
    <ClInclude Include="source\pixie\thread.h">
      <Filter>pixie</Filter>
    </ClInclude>
    <ClInclude Include="source\pixie\crt_frame.h">
      <Filter>pixie</Filter>
    </ClInclude>
    <ClInclude Include="source\pixie\crtemu.h">
      <Filter>pixie</Filter>
    </ClInclude>
  </ItemGroup>
  <ItemGroup>
    <ClCompile Include="source\main.c" />
  </ItemGroup>
</Project>